
Microsoft Visual Studio Solution File, Format Version 12.00
# Visual Studio 14
VisualStudioVersion = 14.0.24720.0
MinimumVisualStudioVersion = 10.0.40219.1
Project("{FAE04EC0-301F-11D3-BF4B-00C04F79EFBC}") = "Primes", "Primes\Primes.csproj", "{933A95BF-67D4-47D4-B5A4-C44B3F442DAC}"
EndProject
Global
	GlobalSection(SolutionConfigurationPlatforms) = preSolution
		Debug|Any CPU = Debug|Any CPU
		Release|Any CPU = Release|Any CPU
	EndGlobalSection
	GlobalSection(ProjectConfigurationPlatforms) = postSolution
		{933A95BF-67D4-47D4-B5A4-C44B3F442DAC}.Debug|Any CPU.ActiveCfg = Debug|Any CPU
		{933A95BF-67D4-47D4-B5A4-C44B3F442DAC}.Debug|Any CPU.Build.0 = Debug|Any CPU
		{933A95BF-67D4-47D4-B5A4-C44B3F442DAC}.Release|Any CPU.ActiveCfg = Release|Any CPU
		{933A95BF-67D4-47D4-B5A4-C44B3F442DAC}.Release|Any CPU.Build.0 = Release|Any CPU
	EndGlobalSection
	GlobalSection(SolutionProperties) = preSolution
		HideSolutionNode = FALSE
	EndGlobalSection
EndGlobal
